
Microsoft Visual Studio Solution File, Format Version 12.00
# Visual Studio Version 16
VisualStudioVersion = 16.0.32126.315
MinimumVisualStudioVersion = 10.0.40219.1
Project("{FAE04EC0-301F-11D3-BF4B-00C04F79EFBC}") = "SloppyJoe_s", "SloppyJoe_s\SloppyJoe_s.csproj", "{0806422A-E3FE-4C93-BCD1-2E59AE6C1EAA}"
EndProject
Global
	GlobalSection(SolutionConfigurationPlatforms) = preSolution
		Debug|Any CPU = Debug|Any CPU
		Release|Any CPU = Release|Any CPU
	EndGlobalSection
	GlobalSection(ProjectConfigurationPlatforms) = postSolution
		{0806422A-E3FE-4C93-BCD1-2E59AE6C1EAA}.Debug|Any CPU.ActiveCfg = Debug|Any CPU
		{0806422A-E3FE-4C93-BCD1-2E59AE6C1EAA}.Debug|Any CPU.Build.0 = Debug|Any CPU
		{0806422A-E3FE-4C93-BCD1-2E59AE6C1EAA}.Release|Any CPU.ActiveCfg = Release|Any CPU
		{0806422A-E3FE-4C93-BCD1-2E59AE6C1EAA}.Release|Any CPU.Build.0 = Release|Any CPU
	EndGlobalSection
	GlobalSection(SolutionProperties) = preSolution
		HideSolutionNode = FALSE
	EndGlobalSection
	GlobalSection(ExtensibilityGlobals) = postSolution
		SolutionGuid = {3BA8FE02-8128-41CC-88C4-A236452CC03A}
	EndGlobalSection
EndGlobal
